
Microsoft Visual Studio Solution File, Format Version 12.00
# Visual Studio Version 17
VisualStudioVersion = 17.5.33414.496
MinimumVisualStudioVersion = 10.0.40219.1
Project("{FAE04EC0-301F-11D3-BF4B-00C04F79EFBC}") = "ConsoleApp1", "ConsoleApp1\ConsoleApp1.csproj", "{1392DE63-115B-4D8B-8C00-D20CD91FFC40}"
EndProject
Global
	GlobalSection(SolutionConfigurationPlatforms) = preSolution
		Debug|Any CPU = Debug|Any CPU
		Release|Any CPU = Release|Any CPU
	EndGlobalSection
	GlobalSection(ProjectConfigurationPlatforms) = postSolution
		{1392DE63-115B-4D8B-8C00-D20CD91FFC40}.Debug|Any CPU.ActiveCfg = Debug|Any CPU
		{1392DE63-115B-4D8B-8C00-D20CD91FFC40}.Debug|Any CPU.Build.0 = Debug|Any CPU
		{1392DE63-115B-4D8B-8C00-D20CD91FFC40}.Release|Any CPU.ActiveCfg = Release|Any CPU
		{1392DE63-115B-4D8B-8C00-D20CD91FFC40}.Release|Any CPU.Build.0 = Release|Any CPU
	EndGlobalSection
	GlobalSection(SolutionProperties) = preSolution
		HideSolutionNode = FALSE
	EndGlobalSection
	GlobalSection(ExtensibilityGlobals) = postSolution
		SolutionGuid = {16C5F7A1-E2DC-4E2B-82CF-283256D3B484}
	EndGlobalSection
EndGlobal
